
Microsoft Visual Studio Solution File, Format Version 12.00
Project("{FAE04EC0-301F-11D3-BF4B-00C04F79EFBC}") = "Mille", "Mille.csproj", "{AD9508B1-6F70-469B-AFAE-69ED7DEFBB26}"
EndProject
Project("{FAE04EC0-301F-11D3-BF4B-00C04F79EFBC}") = "TestProject1", "Mille.Tests\TestProject1\TestProject1.csproj", "{8CE3C64E-D7A2-4B6C-8079-33EC9536DBE5}"
EndProject
Global
	GlobalSection(SolutionConfigurationPlatforms) = preSolution
		Debug|Any CPU = Debug|Any CPU
		Release|Any CPU = Release|Any CPU
	EndGlobalSection
	GlobalSection(ProjectConfigurationPlatforms) = postSolution
		{AD9508B1-6F70-469B-AFAE-69ED7DEFBB26}.Debug|Any CPU.ActiveCfg = Debug|Any CPU
		{AD9508B1-6F70-469B-AFAE-69ED7DEFBB26}.Debug|Any CPU.Build.0 = Debug|Any CPU
		{AD9508B1-6F70-469B-AFAE-69ED7DEFBB26}.Release|Any CPU.ActiveCfg = Release|Any CPU
		{AD9508B1-6F70-469B-AFAE-69ED7DEFBB26}.Release|Any CPU.Build.0 = Release|Any CPU
		{8CE3C64E-D7A2-4B6C-8079-33EC9536DBE5}.Debug|Any CPU.ActiveCfg = Debug|Any CPU
		{8CE3C64E-D7A2-4B6C-8079-33EC9536DBE5}.Debug|Any CPU.Build.0 = Debug|Any CPU
		{8CE3C64E-D7A2-4B6C-8079-33EC9536DBE5}.Release|Any CPU.ActiveCfg = Release|Any CPU
		{8CE3C64E-D7A2-4B6C-8079-33EC9536DBE5}.Release|Any CPU.Build.0 = Release|Any CPU
	EndGlobalSection
EndGlobal
